
Microsoft Visual Studio Solution File, Format Version 12.00
# Visual Studio 15
VisualStudioVersion = 15.0.28010.2026
MinimumVisualStudioVersion = 10.0.40219.1
Project("{9A19103F-16F7-4668-BE54-9A1E7A4F7556}") = "Vehicles", "Vehicles\Vehicles.csproj", "{292E2CAE-70DB-4DA4-95F5-926DC5A1BF71}"
EndProject
Project("{9A19103F-16F7-4668-BE54-9A1E7A4F7556}") = "VehiclesExtension", "VehiclesExtension\VehiclesExtension.csproj", "{A705BCB9-250C-44AC-BB4C-C5973F613FCA}"
EndProject
Project("{FAE04EC0-301F-11D3-BF4B-00C04F79EFBC}") = "WildFarm", "WildFarm\WildFarm.csproj", "{A1DA95B0-91B1-46A7-A0DB-3F70C306F664}"
EndProject
Global
	GlobalSection(SolutionConfigurationPlatforms) = preSolution
		Debug|Any CPU = Debug|Any CPU
		Release|Any CPU = Release|Any CPU
	EndGlobalSection
	GlobalSection(ProjectConfigurationPlatforms) = postSolution
		{292E2CAE-70DB-4DA4-95F5-926DC5A1BF71}.Debug|Any CPU.ActiveCfg = Debug|Any CPU
		{292E2CAE-70DB-4DA4-95F5-926DC5A1BF71}.Debug|Any CPU.Build.0 = Debug|Any CPU
		{292E2CAE-70DB-4DA4-95F5-926DC5A1BF71}.Release|Any CPU.ActiveCfg = Release|Any CPU
		{292E2CAE-70DB-4DA4-95F5-926DC5A1BF71}.Release|Any CPU.Build.0 = Release|Any CPU
		{A705BCB9-250C-44AC-BB4C-C5973F613FCA}.Debug|Any CPU.ActiveCfg = Debug|Any CPU
		{A705BCB9-250C-44AC-BB4C-C5973F613FCA}.Debug|Any CPU.Build.0 = Debug|Any CPU
		{A705BCB9-250C-44AC-BB4C-C5973F613FCA}.Release|Any CPU.ActiveCfg = Release|Any CPU
		{A705BCB9-250C-44AC-BB4C-C5973F613FCA}.Release|Any CPU.Build.0 = Release|Any CPU
		{A1DA95B0-91B1-46A7-A0DB-3F70C306F664}.Debug|Any CPU.ActiveCfg = Debug|Any CPU
		{A1DA95B0-91B1-46A7-A0DB-3F70C306F664}.Debug|Any CPU.Build.0 = Debug|Any CPU
		{A1DA95B0-91B1-46A7-A0DB-3F70C306F664}.Release|Any CPU.ActiveCfg = Release|Any CPU
		{A1DA95B0-91B1-46A7-A0DB-3F70C306F664}.Release|Any CPU.Build.0 = Release|Any CPU
	EndGlobalSection
	GlobalSection(SolutionProperties) = preSolution
		HideSolutionNode = FALSE
	EndGlobalSection
	GlobalSection(ExtensibilityGlobals) = postSolution
		SolutionGuid = {46DCD9A5-7B94-4D14-9378-FFBC27C56A99}
	EndGlobalSection
EndGlobal
